Microsoft Visual Studio Solution File, Format Version 12.00
# Visual Studio 2012
Project("{FAE04EC0-301F-11D3-BF4B-00C04F79EFBC}") = "DungeonDan", "DungeonDan.csproj", "{69DBD12C-8DE7-481D-80A6-7F0FE8F3B7EF}"
EndProject
Global
	GlobalSection(SolutionConfigurationPlatforms) = preSolution
	Debug|Any CPU = Debug|Any CPU
	ExportDebug|Any CPU = ExportDebug|Any CPU
	ExportRelease|Any CPU = ExportRelease|Any CPU
	EndGlobalSection
	GlobalSection(ProjectConfigurationPlatforms) = postSolution
		{69DBD12C-8DE7-481D-80A6-7F0FE8F3B7EF}.Debug|Any CPU.ActiveCfg = Debug|Any CPU
		{69DBD12C-8DE7-481D-80A6-7F0FE8F3B7EF}.Debug|Any CPU.Build.0 = Debug|Any CPU
		{69DBD12C-8DE7-481D-80A6-7F0FE8F3B7EF}.ExportDebug|Any CPU.ActiveCfg = ExportDebug|Any CPU
		{69DBD12C-8DE7-481D-80A6-7F0FE8F3B7EF}.ExportDebug|Any CPU.Build.0 = ExportDebug|Any CPU
		{69DBD12C-8DE7-481D-80A6-7F0FE8F3B7EF}.ExportRelease|Any CPU.ActiveCfg = ExportRelease|Any CPU
		{69DBD12C-8DE7-481D-80A6-7F0FE8F3B7EF}.ExportRelease|Any CPU.Build.0 = ExportRelease|Any CPU
	EndGlobalSection
EndGlobal
